
Microsoft Visual Studio Solution File, Format Version 12.00
# Visual Studio Version 17
VisualStudioVersion = 17.1.32414.318
MinimumVisualStudioVersion = 10.0.40219.1
Project("{FAE04EC0-301F-11D3-BF4B-00C04F79EFBC}") = "EXERCICIOS DE LOGICA EM CSHARP 05", "EXERCICIOS DE LOGICA EM CSHARP 05.csproj", "{0F6507A6-F486-4E32-96DF-0A4D587736A8}"
EndProject
Global
	GlobalSection(SolutionConfigurationPlatforms) = preSolution
		Debug|Any CPU = Debug|Any CPU
		Release|Any CPU = Release|Any CPU
	EndGlobalSection
	GlobalSection(ProjectConfigurationPlatforms) = postSolution
		{0F6507A6-F486-4E32-96DF-0A4D587736A8}.Debug|Any CPU.ActiveCfg = Debug|Any CPU
		{0F6507A6-F486-4E32-96DF-0A4D587736A8}.Debug|Any CPU.Build.0 = Debug|Any CPU
		{0F6507A6-F486-4E32-96DF-0A4D587736A8}.Release|Any CPU.ActiveCfg = Release|Any CPU
		{0F6507A6-F486-4E32-96DF-0A4D587736A8}.Release|Any CPU.Build.0 = Release|Any CPU
	EndGlobalSection
	GlobalSection(SolutionProperties) = preSolution
		HideSolutionNode = FALSE
	EndGlobalSection
	GlobalSection(ExtensibilityGlobals) = postSolution
		SolutionGuid = {17958A60-6590-4615-8C10-0F084D4D8730}
	EndGlobalSection
EndGlobal
