
Microsoft Visual Studio Solution File, Format Version 12.00
# Visual Studio Version 17
VisualStudioVersion = 17.1.32414.318
MinimumVisualStudioVersion = 10.0.40219.1
Project("{FAE04EC0-301F-11D3-BF4B-00C04F79EFBC}") = "EXERCICIOS DE LOGICA EM CSHARP 04", "EXERCICIOS DE LOGICA EM CSHARP 04.csproj", "{51A84FD2-9875-4ADB-8245-FCB52EF3959D}"
EndProject
Global
	GlobalSection(SolutionConfigurationPlatforms) = preSolution
		Debug|Any CPU = Debug|Any CPU
		Release|Any CPU = Release|Any CPU
	EndGlobalSection
	GlobalSection(ProjectConfigurationPlatforms) = postSolution
		{51A84FD2-9875-4ADB-8245-FCB52EF3959D}.Debug|Any CPU.ActiveCfg = Debug|Any CPU
		{51A84FD2-9875-4ADB-8245-FCB52EF3959D}.Debug|Any CPU.Build.0 = Debug|Any CPU
		{51A84FD2-9875-4ADB-8245-FCB52EF3959D}.Release|Any CPU.ActiveCfg = Release|Any CPU
		{51A84FD2-9875-4ADB-8245-FCB52EF3959D}.Release|Any CPU.Build.0 = Release|Any CPU
	EndGlobalSection
	GlobalSection(SolutionProperties) = preSolution
		HideSolutionNode = FALSE
	EndGlobalSection
	GlobalSection(ExtensibilityGlobals) = postSolution
		SolutionGuid = {44734649-7FC9-4615-819E-4AA2BEACF7F3}
	EndGlobalSection
EndGlobal
